# @generated - this file is auto-generated by `mise lock` https://mise.jdx.dev/dev-tools/mise-lock.html

[[tools."github:ccache/ccache"]]
version = "4.14"
backend = "github:ccache/ccache"

[tools."github:ccache/ccache"."platforms.linux-arm64"]
checksum = "sha256:8182a7e909a4a453e2b3011de9dafef11fd1bd35364947816e0126e467137dc2"
url = "https://github.com/ccache/ccache/releases/download/v4.14/ccache-4.14-linux-aarch64-glibc.tar.xz"
url_api = "https://api.github.com/repos/ccache/ccache/releases/assets/526043181"

[tools."github:ccache/ccache"."platforms.linux-x64"]
checksum = "sha256:45a91165db7092e67c6208ada03f54700e684c4cd3735f9031de95669ed9272c"
url = "https://github.com/ccache/ccache/releases/download/v4.14/ccache-4.14-linux-x86_64-glibc.tar.xz"
url_api = "https://api.github.com/repos/ccache/ccache/releases/assets/526043228"

[tools."github:ccache/ccache"."platforms.macos-arm64"]
checksum = "sha256:353a81ea8680d93387102cfde288ebed381a54272cfdc18224f241add6332b39"
url = "https://github.com/ccache/ccache/releases/download/v4.14/ccache-4.14-darwin.tar.gz"
url_api = "https://api.github.com/repos/ccache/ccache/releases/assets/526043187"

[[tools."github:ccache/ccache-storage-http-go"]]
version = "0.9"
backend = "github:ccache/ccache-storage-http-go"

[tools."github:ccache/ccache-storage-http-go"."platforms.linux-arm64"]
checksum = "sha256:524b42494929d04292629acff6097ed42381ddf42a15ce83f97f568e7f97ef5b"
url = "https://github.com/ccache/ccache-storage-http-go/releases/download/v0.9/ccache-storage-http-go-0.9-linux-arm64.tar.gz"
url_api = "https://api.github.com/repos/ccache/ccache-storage-http-go/releases/assets/536656007"

[tools."github:ccache/ccache-storage-http-go"."platforms.linux-x64"]
checksum = "sha256:875dbf6d575d06e4c4492f1ba639beb68530bc23382031a6bacc767cded9f463"
url = "https://github.com/ccache/ccache-storage-http-go/releases/download/v0.9/ccache-storage-http-go-0.9-linux-amd64.tar.gz"
url_api = "https://api.github.com/repos/ccache/ccache-storage-http-go/releases/assets/536656008"

[tools."github:ccache/ccache-storage-http-go"."platforms.macos-arm64"]
checksum = "sha256:65056b3f37c08c5c0205dcaaff8b0554e4d840b70959cff3e879e847f9a2486e"
url = "https://github.com/ccache/ccache-storage-http-go/releases/download/v0.9/ccache-storage-http-go-0.9-darwin-arm64.tar.gz"
url_api = "https://api.github.com/repos/ccache/ccache-storage-http-go/releases/assets/536656009"
